{
	"name": "osmod-server",
	"version": "1.1.0",
	"lockfileVersion": 1,
	"requires": true,
	"dependencies": {
		"@types/bluebird": {
			"version": "3.5.36",
			"resolved": "https://registry.npmjs.org/@types/bluebird/-/bluebird-3.5.36.tgz",
			"integrity": "sha512-HBNx4lhkxN7bx6P0++W8E289foSu8kO8GCk2unhuVggO+cE7rh9DhZUyPhUxNRG9m+5B5BTKxZQ5ZP92x/mx9Q==",
			"dev": true
		},
		"@types/continuation-local-storage": {
			"version": "3.2.4",
			"resolved": "https://registry.npmjs.org/@types/continuation-local-storage/-/continuation-local-storage-3.2.4.tgz",
			"integrity": "sha512-OT32vCVMymU1JMPKDeY0lX3cduAr0Pm/VwIbxygMeDS4lRcv57qYXn9bMwBRcRnEpXKBb/r4xYaZCARTZllP0A==",
			"dev": true,
			"requires": {
				"@types/node": "*"
			}
		},
		"@types/express-serve-static-core": {
			"version": "4.17.28",
			"resolved": "https://registry.npmjs.org/@types/express-serve-static-core/-/express-serve-static-core-4.17.28.tgz",
			"integrity": "sha512-P1BJAEAW3E2DJUlkgq4tOL3RyMunoWXqbSCygWo5ZIWTjUgN1YnaXWW4VWl/oc8vs/XoYibEGBKP0uZyF4AHig==",
			"dev": true,
			"requires": {
				"@types/node": "*",
				"@types/qs": "*",
				"@types/range-parser": "*"
			}
		},
		"@types/lodash": {
			"version": "4.14.181",
			"resolved": "https://registry.npmjs.org/@types/lodash/-/lodash-4.14.181.tgz",
			"integrity": "sha512-n3tyKthHJbkiWhDZs3DkhkCzt2MexYHXlX0td5iMplyfwketaOeKboEVBqzceH7juqvEg3q5oUoBFxSLu7zFag==",
			"dev": true
		},
		"@types/node": {
			"version": "17.0.23",
			"resolved": "https://registry.npmjs.org/@types/node/-/node-17.0.23.tgz",
			"integrity": "sha512-UxDxWn7dl97rKVeVS61vErvw086aCYhDLyvRQZ5Rk65rZKepaFdm53GeqXaKBuOhED4e9uWq34IC3TdSdJJ2Gw==",
			"dev": true
		},
		"@types/qs": {
			"version": "6.9.7",
			"resolved": "https://registry.npmjs.org/@types/qs/-/qs-6.9.7.tgz",
			"integrity": "sha512-FGa1F62FT09qcrueBA6qYTrJPVDzah9a+493+o2PCXsesWHIn27G98TsSMs3WPNbZIEj4+VJf6saSFpvD+3Zsw==",
			"dev": true
		},
		"@types/range-parser": {
			"version": "1.2.4",
			"resolved": "https://registry.npmjs.org/@types/range-parser/-/range-parser-1.2.4.tgz",
			"integrity": "sha512-EEhsLsD6UsDM1yFhAvy0Cjr6VwmpMWqFBCb9w07wVugF7w9nfajxLuVmngTIpgS6svCnm6Vaw+MZhoDCKnOfsw==",
			"dev": true
		},
		"@types/sequelize": {
			"version": "4.28.1",
			"resolved": "https://registry.npmjs.org/@types/sequelize/-/sequelize-4.28.1.tgz",
			"integrity": "sha512-fitAlHqmoZ2rn7KJOo+1lF+uC7zeUSoW2kTiEaEzgVSFD03nPkkKIZss4XrL34KCn+7wtKvmBO1Kb6NCmLF1Fw==",
			"dev": true,
			"requires": {
				"@types/bluebird": "*",
				"@types/continuation-local-storage": "*",
				"@types/lodash": "*",
				"@types/validator": "*"
			}
		},
		"@types/validator": {
			"version": "10.11.3",
			"resolved": "https://registry.npmjs.org/@types/validator/-/validator-10.11.3.tgz",
			"integrity": "sha512-GKF2VnEkMmEeEGvoo03ocrP9ySMuX1ypKazIYMlsjfslfBMhOAtC5dmEWKdJioW4lJN7MZRS88kalTsVClyQ9w==",
			"dev": true
		}
	}
}
